
Microsoft Visual Studio Solution File, Format Version 12.00
# Visual Studio Version 17
VisualStudioVersion = 17.13.35931.197 d17.13
MinimumVisualStudioVersion = 10.0.40219.1
Project("{FAE04EC0-301F-11D3-BF4B-00C04F79EFBC}") = "RestaurantDB", "RestaurantDB\RestaurantDB.csproj", "{6E2DCB3E-F472-4B20-952A-7D9ACC95EFFC}"
EndProject
Global
	GlobalSection(SolutionConfigurationPlatforms) = preSolution
		Debug|Any CPU = Debug|Any CPU
		Release|Any CPU = Release|Any CPU
	EndGlobalSection
	GlobalSection(ProjectConfigurationPlatforms) = postSolution
		{6E2DCB3E-F472-4B20-952A-7D9ACC95EFFC}.Debug|Any CPU.ActiveCfg = Debug|Any CPU
		{6E2DCB3E-F472-4B20-952A-7D9ACC95EFFC}.Debug|Any CPU.Build.0 = Debug|Any CPU
		{6E2DCB3E-F472-4B20-952A-7D9ACC95EFFC}.Release|Any CPU.ActiveCfg = Release|Any CPU
		{6E2DCB3E-F472-4B20-952A-7D9ACC95EFFC}.Release|Any CPU.Build.0 = Release|Any CPU
	EndGlobalSection
	GlobalSection(SolutionProperties) = preSolution
		HideSolutionNode = FALSE
	EndGlobalSection
	GlobalSection(ExtensibilityGlobals) = postSolution
		SolutionGuid = {10CE2A77-1A7E-4F82-A965-046A65ABBAD8}
	EndGlobalSection
EndGlobal
